
Microsoft Visual Studio Solution File, Format Version 12.00
# Visual Studio Version 16
VisualStudioVersion = 16.0.31205.134
MinimumVisualStudioVersion = 10.0.40219.1
Project("{9A19103F-16F7-4668-BE54-9A1E7A4F7556}") = "CuteGame", "CuteGame\CuteGame.csproj", "{1C9E092D-978B-4F42-A20D-0A2547E8B67E}"
EndProject
Project("{9A19103F-16F7-4668-BE54-9A1E7A4F7556}") = "MonoGame LDtk Importer", "MonoGame-LDtk-Importer\MonoGame LDtk Importer\MonoGame LDtk Importer.csproj", "{30A2BBE1-708D-47F6-8018-505E43E18D5F}"
EndProject
Project("{9A19103F-16F7-4668-BE54-9A1E7A4F7556}") = "ThingLister", "ThingLister\ThingLister.csproj", "{63826DBA-0F35-4370-A6A2-EDDA64D59E91}"
EndProject
Global
	GlobalSection(SolutionConfigurationPlatforms) = preSolution
		Debug|Any CPU = Debug|Any CPU
		Release|Any CPU = Release|Any CPU
	EndGlobalSection
	GlobalSection(ProjectConfigurationPlatforms) = postSolution
		{1C9E092D-978B-4F42-A20D-0A2547E8B67E}.Debug|Any CPU.ActiveCfg = Debug|Any CPU
		{1C9E092D-978B-4F42-A20D-0A2547E8B67E}.Debug|Any CPU.Build.0 = Debug|Any CPU
		{1C9E092D-978B-4F42-A20D-0A2547E8B67E}.Release|Any CPU.ActiveCfg = Release|Any CPU
		{1C9E092D-978B-4F42-A20D-0A2547E8B67E}.Release|Any CPU.Build.0 = Release|Any CPU
		{30A2BBE1-708D-47F6-8018-505E43E18D5F}.Debug|Any CPU.ActiveCfg = Debug|Any CPU
		{30A2BBE1-708D-47F6-8018-505E43E18D5F}.Debug|Any CPU.Build.0 = Debug|Any CPU
		{30A2BBE1-708D-47F6-8018-505E43E18D5F}.Release|Any CPU.ActiveCfg = Release|Any CPU
		{30A2BBE1-708D-47F6-8018-505E43E18D5F}.Release|Any CPU.Build.0 = Release|Any CPU
		{63826DBA-0F35-4370-A6A2-EDDA64D59E91}.Debug|Any CPU.ActiveCfg = Debug|Any CPU
		{63826DBA-0F35-4370-A6A2-EDDA64D59E91}.Debug|Any CPU.Build.0 = Debug|Any CPU
		{63826DBA-0F35-4370-A6A2-EDDA64D59E91}.Release|Any CPU.ActiveCfg = Release|Any CPU
		{63826DBA-0F35-4370-A6A2-EDDA64D59E91}.Release|Any CPU.Build.0 = Release|Any CPU
	EndGlobalSection
	GlobalSection(SolutionProperties) = preSolution
		HideSolutionNode = FALSE
	EndGlobalSection
	GlobalSection(ExtensibilityGlobals) = postSolution
		SolutionGuid = {BB6D4F86-7D7A-4879-9C79-119B8632F57F}
	EndGlobalSection
EndGlobal
